
Microsoft Visual Studio Solution File, Format Version 12.00
# Visual Studio Version 17
VisualStudioVersion = 17.2.32526.322
MinimumVisualStudioVersion = 10.0.40219.1
Project("{FAE04EC0-301F-11D3-BF4B-00C04F79EFBC}") = "RustPlugin", "RustPlugin\RustPlugin.csproj", "{46700DD0-B1AA-4B39-80D9-D307D07D22A6}"
EndProject
Global
	GlobalSection(SolutionConfigurationPlatforms) = preSolution
		Debug|Any CPU = Debug|Any CPU
		Release|Any CPU = Release|Any CPU
	EndGlobalSection
	GlobalSection(ProjectConfigurationPlatforms) = postSolution
		{46700DD0-B1AA-4B39-80D9-D307D07D22A6}.Debug|Any CPU.ActiveCfg = Debug|Any CPU
		{46700DD0-B1AA-4B39-80D9-D307D07D22A6}.Debug|Any CPU.Build.0 = Debug|Any CPU
		{46700DD0-B1AA-4B39-80D9-D307D07D22A6}.Release|Any CPU.ActiveCfg = Release|Any CPU
		{46700DD0-B1AA-4B39-80D9-D307D07D22A6}.Release|Any CPU.Build.0 = Release|Any CPU
	EndGlobalSection
	GlobalSection(SolutionProperties) = preSolution
		HideSolutionNode = FALSE
	EndGlobalSection
	GlobalSection(ExtensibilityGlobals) = postSolution
		SolutionGuid = {8B1AFD18-AB28-4F4E-990A-1B54B0643162}
	EndGlobalSection
EndGlobal
